// !$*UTF8*$!
{
	archiveVersion = 1;
	classes = {
	};
	objectVersion = 45;
	objects = {

/* Begin PBXBuildFile section */
		AA747D9F0F9514B9006C5449 /* Zimt_Prefix.pch in Headers */ = {isa = PBXBuildFile; fileRef = AA747D9E0F9514B9006C5449 /* Zimt_Prefix.pch */; };
		AACBBE4A0F95108600F1A2B1 /* Foundation.framework in Frameworks */ = {isa = PBXBuildFile; fileRef = AACBBE490F95108600F1A2B1 /* Foundation.framework */; };
		C779972D112758C500B197AE /* CoreLocation.framework in Frameworks */ = {isa = PBXBuildFile; fileRef = C779972C112758C500B197AE /* CoreLocation.framework */; };
		C779986F112768BA00B197AE /* ZTWebSocket.m in Sources */ = {isa = PBXBuildFile; fileRef = C779986D112768BA00B197AE /* ZTWebSocket.m */; };
		C77999CB1128EE0200B197AE /* ZTWebSocket.h in Headers */ = {isa = PBXBuildFile; fileRef = C77999CA1128EE0200B197AE /* ZTWebSocket.h */; };
		C7799AC41128F28100B197AE /* CFNetwork.framework in Frameworks */ = {isa = PBXBuildFile; fileRef = C7799A1F1128F03600B197AE /* CFNetwork.framework */; };
		C7BF061111273DE3000F2DF4 /* ZTLog.h in Headers */ = {isa = PBXBuildFile; fileRef = C7BF060F11273DE3000F2DF4 /* ZTLog.h */; };
		C7BF061211273DE3000F2DF4 /* Zimt.h in Headers */ = {isa = PBXBuildFile; fileRef = C7BF061011273DE3000F2DF4 /* Zimt.h */; };
		C7BF06A011274609000F2DF4 /* ZTFakeLocationManager.m in Sources */ = {isa = PBXBuildFile; fileRef = C7BF069E11274609000F2DF4 /* ZTFakeLocationManager.m */; };
		C7BF0822112750B1000F2DF4 /* ZTFakeLocationManager.h in Headers */ = {isa = PBXBuildFile; fileRef = C7BF0821112750B1000F2DF4 /* ZTFakeLocationManager.h */; };
		C7CBF677113E9CDE00546ABF /* AsyncSocket.h in Headers */ = {isa = PBXBuildFile; fileRef = C7CBF676113E9CDE00546ABF /* AsyncSocket.h */; };
		C7CBF6BE113E9D2E00546ABF /* AsyncSocket.m in Sources */ = {isa = PBXBuildFile; fileRef = C7CBF6BB113E9D2E00546ABF /* AsyncSocket.m */; };
		C7CBF6BF113E9D2E00546ABF /* AsyncUdpSocket.m in Sources */ = {isa = PBXBuildFile; fileRef = C7CBF6BC113E9D2E00546ABF /* AsyncUdpSocket.m */; };
/* End PBXBuildFile section */

/* Begin PBXFileReference section */
		AA747D9E0F9514B9006C5449 /* Zimt_Prefix.pch */ = {isa = PBXFileReference; fileEncoding = 4; lastKnownFileType = sourcecode.c.h; path = Zimt_Prefix.pch; sourceTree = SOURCE_ROOT; };
		AACBBE490F95108600F1A2B1 /* Foundation.framework */ = {isa = PBXFileReference; lastKnownFileType = wrapper.framework; name = Foundation.framework; path = System/Library/Frameworks/Foundation.framework; sourceTree = SDKROOT; };
		C779972C112758C500B197AE /* CoreLocation.framework */ = {isa = PBXFileReference; lastKnownFileType = wrapper.framework; name = CoreLocation.framework; path = System/Library/Frameworks/CoreLocation.framework; sourceTree = SDKROOT; };
		C779986D112768BA00B197AE /* ZTWebSocket.m */ = {isa = PBXFileReference; fileEncoding = 4; lastKnownFileType = sourcecode.c.objc; path = ZTWebSocket.m; sourceTree = "<group>"; };
		C77999CA1128EE0200B197AE /* ZTWebSocket.h */ = {isa = PBXFileReference; fileEncoding = 4; lastKnownFileType = sourcecode.c.h; name = ZTWebSocket.h; path = Zimt/ZTWebSocket.h; sourceTree = "<group>"; };
		C7799A1F1128F03600B197AE /* CFNetwork.framework */ = {isa = PBXFileReference; lastKnownFileType = wrapper.framework; name = CFNetwork.framework; path = System/Library/Frameworks/CFNetwork.framework; sourceTree = SDKROOT; };
		C7BF060F11273DE3000F2DF4 /* ZTLog.h */ = {isa = PBXFileReference; fileEncoding = 4; lastKnownFileType = sourcecode.c.h; name = ZTLog.h; path = Zimt/ZTLog.h; sourceTree = "<group>"; };
		C7BF061011273DE3000F2DF4 /* Zimt.h */ = {isa = PBXFileReference; fileEncoding = 4; lastKnownFileType = sourcecode.c.h; name = Zimt.h; path = Zimt/Zimt.h; sourceTree = "<group>"; };
		C7BF069E11274609000F2DF4 /* ZTFakeLocationManager.m */ = {isa = PBXFileReference; fileEncoding = 4; lastKnownFileType = sourcecode.c.objc; path = ZTFakeLocationManager.m; sourceTree = "<group>"; };
		C7BF0821112750B1000F2DF4 /* ZTFakeLocationManager.h */ = {isa = PBXFileReference; fileEncoding = 4; lastKnownFileType = sourcecode.c.h; name = ZTFakeLocationManager.h; path = Zimt/ZTFakeLocationManager.h; sourceTree = "<group>"; };
		C7CBF676113E9CDE00546ABF /* AsyncSocket.h */ = {isa = PBXFileReference; fileEncoding = 4; lastKnownFileType = sourcecode.c.h; name = AsyncSocket.h; path = vendor/AsyncSocket/AsyncSocket.h; sourceTree = "<group>"; };
		C7CBF6BB113E9D2E00546ABF /* AsyncSocket.m */ = {isa = PBXFileReference; fileEncoding = 4; lastKnownFileType = sourcecode.c.objc; name = AsyncSocket.m; path = vendor/AsyncSocket/AsyncSocket.m; sourceTree = SOURCE_ROOT; };
		C7CBF6BC113E9D2E00546ABF /* AsyncUdpSocket.m */ = {isa = PBXFileReference; fileEncoding = 4; lastKnownFileType = sourcecode.c.objc; name = AsyncUdpSocket.m; path = vendor/AsyncSocket/AsyncUdpSocket.m; sourceTree = SOURCE_ROOT; };
		D2AAC07E0554694100DB518D /* libZimt.a */ = {isa = PBXFileReference; explicitFileType = archive.ar; includeInIndex = 0; path = libZimt.a; sourceTree = BUILT_PRODUCTS_DIR; };
/* End PBXFileReference section */

/* Begin PBXFrameworksBuildPhase section */
		D2AAC07C0554694100DB518D /* Frameworks */ = {
			isa = PBXFrameworksBuildPhase;
			buildActionMask = 2147483647;
			files = (
				AACBBE4A0F95108600F1A2B1 /* Foundation.framework in Frameworks */,
				C779972D112758C500B197AE /* CoreLocation.framework in Frameworks */,
				C7799AC41128F28100B197AE /* CFNetwork.framework in Frameworks */,
			);
			runOnlyForDeploymentPostprocessing = 0;
		};
/* End PBXFrameworksBuildPhase section */

/* Begin PBXGroup section */
		034768DFFF38A50411DB9C8B /* Products */ = {
			isa = PBXGroup;
			children = (
				D2AAC07E0554694100DB518D /* libZimt.a */,
			);
			name = Products;
			sourceTree = "<group>";
		};
		0867D691FE84028FC02AAC07 /* Zimt */ = {
			isa = PBXGroup;
			children = (
				C7CBF6B8113E9D1900546ABF /* Vendor */,
				08FB77AEFE84172EC02AAC07 /* Core */,
				C7BF069B11274553000F2DF4 /* Fake Location Manager */,
				C779986B112768AC00B197AE /* Web Socket */,
				32C88DFF0371C24200C91783 /* Other Sources */,
				0867D69AFE84028FC02AAC07 /* Frameworks */,
				034768DFFF38A50411DB9C8B /* Products */,
			);
			name = Zimt;
			sourceTree = "<group>";
		};
		0867D69AFE84028FC02AAC07 /* Frameworks */ = {
			isa = PBXGroup;
			children = (
				AACBBE490F95108600F1A2B1 /* Foundation.framework */,
				C779972C112758C500B197AE /* CoreLocation.framework */,
				C7799A1F1128F03600B197AE /* CFNetwork.framework */,
			);
			name = Frameworks;
			sourceTree = "<group>";
		};
		08FB77AEFE84172EC02AAC07 /* Core */ = {
			isa = PBXGroup;
			children = (
				C7BF060F11273DE3000F2DF4 /* ZTLog.h */,
				C7BF061011273DE3000F2DF4 /* Zimt.h */,
			);
			name = Core;
			sourceTree = "<group>";
		};
		32C88DFF0371C24200C91783 /* Other Sources */ = {
			isa = PBXGroup;
			children = (
				AA747D9E0F9514B9006C5449 /* Zimt_Prefix.pch */,
			);
			name = "Other Sources";
			sourceTree = "<group>";
		};
		C779986B112768AC00B197AE /* Web Socket */ = {
			isa = PBXGroup;
			children = (
				C77999CA1128EE0200B197AE /* ZTWebSocket.h */,
				C779986D112768BA00B197AE /* ZTWebSocket.m */,
			);
			name = "Web Socket";
			sourceTree = "<group>";
		};
		C7BF069B11274553000F2DF4 /* Fake Location Manager */ = {
			isa = PBXGroup;
			children = (
				C7BF0821112750B1000F2DF4 /* ZTFakeLocationManager.h */,
				C7BF069E11274609000F2DF4 /* ZTFakeLocationManager.m */,
			);
			name = "Fake Location Manager";
			sourceTree = "<group>";
		};
		C7CBF6B8113E9D1900546ABF /* Vendor */ = {
			isa = PBXGroup;
			children = (
				C7CBF6B9113E9D1E00546ABF /* AsyncSocket */,
			);
			name = Vendor;
			sourceTree = "<group>";
		};
		C7CBF6B9113E9D1E00546ABF /* AsyncSocket */ = {
			isa = PBXGroup;
			children = (
				C7CBF676113E9CDE00546ABF /* AsyncSocket.h */,
				C7CBF6BB113E9D2E00546ABF /* AsyncSocket.m */,
				C7CBF6BC113E9D2E00546ABF /* AsyncUdpSocket.m */,
			);
			name = AsyncSocket;
			sourceTree = "<group>";
		};
/* End PBXGroup section */

/* Begin PBXHeadersBuildPhase section */
		D2AAC07A0554694100DB518D /* Headers */ = {
			isa = PBXHeadersBuildPhase;
			buildActionMask = 2147483647;
			files = (
				AA747D9F0F9514B9006C5449 /* Zimt_Prefix.pch in Headers */,
				C7BF061111273DE3000F2DF4 /* ZTLog.h in Headers */,
				C7BF061211273DE3000F2DF4 /* Zimt.h in Headers */,
				C7BF0822112750B1000F2DF4 /* ZTFakeLocationManager.h in Headers */,
				C77999CB1128EE0200B197AE /* ZTWebSocket.h in Headers */,
				C7CBF677113E9CDE00546ABF /* AsyncSocket.h in Headers */,
			);
			runOnlyForDeploymentPostprocessing = 0;
		};
/* End PBXHeadersBuildPhase section */

/* Begin PBXNativeTarget section */
		D2AAC07D0554694100DB518D /* Zimt */ = {
			isa = PBXNativeTarget;
			buildConfigurationList = 1DEB921E08733DC00010E9CD /* Build configuration list for PBXNativeTarget "Zimt" */;
			buildPhases = (
				D2AAC07A0554694100DB518D /* Headers */,
				D2AAC07B0554694100DB518D /* Sources */,
				D2AAC07C0554694100DB518D /* Frameworks */,
			);
			buildRules = (
			);
			dependencies = (
			);
			name = Zimt;
			productName = Zimt;
			productReference = D2AAC07E0554694100DB518D /* libZimt.a */;
			productType = "com.apple.product-type.library.static";
		};
/* End PBXNativeTarget section */

/* Begin PBXProject section */
		0867D690FE84028FC02AAC07 /* Project object */ = {
			isa = PBXProject;
			buildConfigurationList = 1DEB922208733DC00010E9CD /* Build configuration list for PBXProject "Zimt" */;
			compatibilityVersion = "Xcode 3.1";
			hasScannedForEncodings = 1;
			mainGroup = 0867D691FE84028FC02AAC07 /* Zimt */;
			productRefGroup = 034768DFFF38A50411DB9C8B /* Products */;
			projectDirPath = "";
			projectRoot = "";
			targets = (
				D2AAC07D0554694100DB518D /* Zimt */,
			);
		};
/* End PBXProject section */

/* Begin PBXSourcesBuildPhase section */
		D2AAC07B0554694100DB518D /* Sources */ = {
			isa = PBXSourcesBuildPhase;
			buildActionMask = 2147483647;
			files = (
				C7BF06A011274609000F2DF4 /* ZTFakeLocationManager.m in Sources */,
				C779986F112768BA00B197AE /* ZTWebSocket.m in Sources */,
				C7CBF6BE113E9D2E00546ABF /* AsyncSocket.m in Sources */,
				C7CBF6BF113E9D2E00546ABF /* AsyncUdpSocket.m in Sources */,
			);
			runOnlyForDeploymentPostprocessing = 0;
		};
/* End PBXSourcesBuildPhase section */

/* Begin XCBuildConfiguration section */
		1DEB921F08733DC00010E9CD /* Debug */ = {
			isa = XCBuildConfiguration;
			buildSettings = {
				ALWAYS_SEARCH_USER_PATHS = NO;
				ARCHS = "$(ARCHS_STANDARD_32_BIT)";
				COPY_PHASE_STRIP = NO;
				DSTROOT = /tmp/Zimt.dst;
				GCC_DYNAMIC_NO_PIC = NO;
				GCC_ENABLE_FIX_AND_CONTINUE = YES;
				GCC_MODEL_TUNING = G5;
				GCC_OPTIMIZATION_LEVEL = 0;
				GCC_PRECOMPILE_PREFIX_HEADER = YES;
				GCC_PREFIX_HEADER = Zimt_Prefix.pch;
				INSTALL_PATH = /usr/local/lib;
				PRODUCT_NAME = Zimt;
			};
			name = Debug;
		};
		1DEB922008733DC00010E9CD /* Release */ = {
			isa = XCBuildConfiguration;
			buildSettings = {
				ALWAYS_SEARCH_USER_PATHS = NO;
				ARCHS = "$(ARCHS_STANDARD_32_BIT)";
				DSTROOT = /tmp/Zimt.dst;
				GCC_MODEL_TUNING = G5;
				GCC_PRECOMPILE_PREFIX_HEADER = YES;
				GCC_PREFIX_HEADER = Zimt_Prefix.pch;
				INSTALL_PATH = /usr/local/lib;
				PRODUCT_NAME = Zimt;
			};
			name = Release;
		};
		1DEB922308733DC00010E9CD /* Debug */ = {
			isa = XCBuildConfiguration;
			buildSettings = {
				ARCHS = "$(ARCHS_STANDARD_32_BIT)";
				GCC_C_LANGUAGE_STANDARD = c99;
				GCC_OPTIMIZATION_LEVEL = 0;
				GCC_PREPROCESSOR_DEFINITIONS = "DEBUG=1";
				GCC_WARN_ABOUT_RETURN_TYPE = YES;
				GCC_WARN_UNUSED_VARIABLE = YES;
				OTHER_LDFLAGS = "-ObjC";
				PREBINDING = NO;
				SDKROOT = iphoneos3.0;
			};
			name = Debug;
		};
		1DEB922408733DC00010E9CD /* Release */ = {
			isa = XCBuildConfiguration;
			buildSettings = {
				ARCHS = "$(ARCHS_STANDARD_32_BIT)";
				GCC_C_LANGUAGE_STANDARD = c99;
				GCC_WARN_ABOUT_RETURN_TYPE = YES;
				GCC_WARN_UNUSED_VARIABLE = YES;
				OTHER_LDFLAGS = "-ObjC";
				PREBINDING = NO;
				SDKROOT = iphoneos3.0;
			};
			name = Release;
		};
/* End XCBuildConfiguration section */

/* Begin XCConfigurationList section */
		1DEB921E08733DC00010E9CD /* Build configuration list for PBXNativeTarget "Zimt" */ = {
			isa = XCConfigurationList;
			buildConfigurations = (
				1DEB921F08733DC00010E9CD /* Debug */,
				1DEB922008733DC00010E9CD /* Release */,
			);
			defaultConfigurationIsVisible = 0;
			defaultConfigurationName = Release;
		};
		1DEB922208733DC00010E9CD /* Build configuration list for PBXProject "Zimt" */ = {
			isa = XCConfigurationList;
			buildConfigurations = (
				1DEB922308733DC00010E9CD /* Debug */,
				1DEB922408733DC00010E9CD /* Release */,
			);
			defaultConfigurationIsVisible = 0;
			defaultConfigurationName = Release;
		};
/* End XCConfigurationList section */
	};
	rootObject = 0867D690FE84028FC02AAC07 /* Project object */;
}
